
Microsoft Visual Studio Solution File, Format Version 12.00
# Visual Studio Version 17
VisualStudioVersion = 17.1.32407.343
MinimumVisualStudioVersion = 10.0.40219.1
Project("{FAE04EC0-301F-11D3-BF4B-00C04F79EFBC}") = "LeapYearKata", "LeapYearKata\LeapYearKata.csproj", "{8B7DE1A0-3FFE-4E6E-9468-E042598F4FDF}"
EndProject
Project("{FAE04EC0-301F-11D3-BF4B-00C04F79EFBC}") = "LeapYearKataTest", "..\LepaYearKataTest\LeapYearKataTest.csproj", "{B8C62541-1EAB-4AE9-8C05-83505DC90EA9}"
EndProject
Global
	GlobalSection(SolutionConfigurationPlatforms) = preSolution
		Debug|Any CPU = Debug|Any CPU
		Release|Any CPU = Release|Any CPU
	EndGlobalSection
	GlobalSection(ProjectConfigurationPlatforms) = postSolution
		{8B7DE1A0-3FFE-4E6E-9468-E042598F4FDF}.Debug|Any CPU.ActiveCfg = Debug|Any CPU
		{8B7DE1A0-3FFE-4E6E-9468-E042598F4FDF}.Debug|Any CPU.Build.0 = Debug|Any CPU
		{8B7DE1A0-3FFE-4E6E-9468-E042598F4FDF}.Release|Any CPU.ActiveCfg = Release|Any CPU
		{8B7DE1A0-3FFE-4E6E-9468-E042598F4FDF}.Release|Any CPU.Build.0 = Release|Any CPU
		{B8C62541-1EAB-4AE9-8C05-83505DC90EA9}.Debug|Any CPU.ActiveCfg = Debug|Any CPU
		{B8C62541-1EAB-4AE9-8C05-83505DC90EA9}.Debug|Any CPU.Build.0 = Debug|Any CPU
		{B8C62541-1EAB-4AE9-8C05-83505DC90EA9}.Release|Any CPU.ActiveCfg = Release|Any CPU
		{B8C62541-1EAB-4AE9-8C05-83505DC90EA9}.Release|Any CPU.Build.0 = Release|Any CPU
	EndGlobalSection
	GlobalSection(SolutionProperties) = preSolution
		HideSolutionNode = FALSE
	EndGlobalSection
	GlobalSection(ExtensibilityGlobals) = postSolution
		SolutionGuid = {DE5BFF66-1A92-440A-8B29-D3314A1850FA}
	EndGlobalSection
EndGlobal
